
Microsoft Visual Studio Solution File, Format Version 12.00
# Visual Studio Version 16
VisualStudioVersion = 16.0.29123.89
MinimumVisualStudioVersion = 10.0.40219.1
Project("{FAE04EC0-301F-11D3-BF4B-00C04F79EFBC}") = "Algorithms and data structure", "Algorithms and data structure.csproj", "{90AFF472-E21E-4EA2-B106-210BE7D60ACF}"
EndProject
Global
	GlobalSection(SolutionConfigurationPlatforms) = preSolution
		Debug|Any CPU = Debug|Any CPU
		Release|Any CPU = Release|Any CPU
	EndGlobalSection
	GlobalSection(ProjectConfigurationPlatforms) = postSolution
		{90AFF472-E21E-4EA2-B106-210BE7D60ACF}.Debug|Any CPU.ActiveCfg = Debug|Any CPU
		{90AFF472-E21E-4EA2-B106-210BE7D60ACF}.Debug|Any CPU.Build.0 = Debug|Any CPU
		{90AFF472-E21E-4EA2-B106-210BE7D60ACF}.Release|Any CPU.ActiveCfg = Release|Any CPU
		{90AFF472-E21E-4EA2-B106-210BE7D60ACF}.Release|Any CPU.Build.0 = Release|Any CPU
	EndGlobalSection
	GlobalSection(SolutionProperties) = preSolution
		HideSolutionNode = FALSE
	EndGlobalSection
	GlobalSection(ExtensibilityGlobals) = postSolution
		SolutionGuid = {28EA2400-4BFB-4D81-9E3E-8946098A1767}
	EndGlobalSection
EndGlobal
